
Microsoft Visual Studio Solution File, Format Version 12.00
# Visual Studio Version 17
VisualStudioVersion = 17.5.33502.453
MinimumVisualStudioVersion = 10.0.40219.1
Project("{FAE04EC0-301F-11D3-BF4B-00C04F79EFBC}") = "Undine.FontStashSharp", "Undine.FontStashSharp\Undine.FontStashSharp.csproj", "{8C1C2D48-3FE2-4034-A74C-923ED81D41FE}"
EndProject
Global
	GlobalSection(SolutionConfigurationPlatforms) = preSolution
		Debug|Any CPU = Debug|Any CPU
		Release|Any CPU = Release|Any CPU
	EndGlobalSection
	GlobalSection(ProjectConfigurationPlatforms) = postSolution
		{8C1C2D48-3FE2-4034-A74C-923ED81D41FE}.Debug|Any CPU.ActiveCfg = Debug|Any CPU
		{8C1C2D48-3FE2-4034-A74C-923ED81D41FE}.Debug|Any CPU.Build.0 = Debug|Any CPU
		{8C1C2D48-3FE2-4034-A74C-923ED81D41FE}.Release|Any CPU.ActiveCfg = Release|Any CPU
		{8C1C2D48-3FE2-4034-A74C-923ED81D41FE}.Release|Any CPU.Build.0 = Release|Any CPU
	EndGlobalSection
	GlobalSection(SolutionProperties) = preSolution
		HideSolutionNode = FALSE
	EndGlobalSection
	GlobalSection(ExtensibilityGlobals) = postSolution
		SolutionGuid = {9204FBCA-04FD-469B-803D-3D124268000E}
	EndGlobalSection
EndGlobal
